
Microsoft Visual Studio Solution File, Format Version 12.00
# Visual Studio Version 16
VisualStudioVersion = 16.0.30907.101
MinimumVisualStudioVersion = 10.0.40219.1
Project("{9A19103F-16F7-4668-BE54-9A1E7A4F7556}") = "loginpageaa", "loginpageaa.csproj", "{84D14843-1936-4CA0-99CE-4CC499512B14}"
EndProject
Project("{FAE04EC0-301F-11D3-BF4B-00C04F79EFBC}") = "UnitTestProject1", "..\UnitTestProject1\UnitTestProject1.csproj", "{BB21C188-13FF-4A76-87A5-F8884A5D1519}"
EndProject
Global
	GlobalSection(SolutionConfigurationPlatforms) = preSolution
		Debug|Any CPU = Debug|Any CPU
		Release|Any CPU = Release|Any CPU
	EndGlobalSection
	GlobalSection(ProjectConfigurationPlatforms) = postSolution
		{84D14843-1936-4CA0-99CE-4CC499512B14}.Debug|Any CPU.ActiveCfg = Debug|Any CPU
		{84D14843-1936-4CA0-99CE-4CC499512B14}.Debug|Any CPU.Build.0 = Debug|Any CPU
		{84D14843-1936-4CA0-99CE-4CC499512B14}.Release|Any CPU.ActiveCfg = Release|Any CPU
		{84D14843-1936-4CA0-99CE-4CC499512B14}.Release|Any CPU.Build.0 = Release|Any CPU
		{BB21C188-13FF-4A76-87A5-F8884A5D1519}.Debug|Any CPU.ActiveCfg = Debug|Any CPU
		{BB21C188-13FF-4A76-87A5-F8884A5D1519}.Debug|Any CPU.Build.0 = Debug|Any CPU
		{BB21C188-13FF-4A76-87A5-F8884A5D1519}.Release|Any CPU.ActiveCfg = Release|Any CPU
		{BB21C188-13FF-4A76-87A5-F8884A5D1519}.Release|Any CPU.Build.0 = Release|Any CPU
	EndGlobalSection
	GlobalSection(SolutionProperties) = preSolution
		HideSolutionNode = FALSE
	EndGlobalSection
	GlobalSection(ExtensibilityGlobals) = postSolution
		SolutionGuid = {C3C22655-1877-4F09-A50F-38AE03E8203E}
	EndGlobalSection
EndGlobal
